// !$*UTF8*$!
{
	archiveVersion = 1;
	classes = {
	};
	objectVersion = 56;
	objects = {

/* Begin PBXBuildFile section */
		5294690C29E6237600302009 /* AppDelegate.swift in Sources */ = {isa = PBXBuildFile; fileRef = 5294690B29E6237600302009 /* AppDelegate.swift */; };
		5294690E29E6237600302009 /* SceneDelegate.swift in Sources */ = {isa = PBXBuildFile; fileRef = 5294690D29E6237600302009 /* SceneDelegate.swift */; };
		5294691029E6237600302009 /* SignInViewController.swift in Sources */ = {isa = PBXBuildFile; fileRef = 5294690F29E6237600302009 /* SignInViewController.swift */; };
		5294691329E6237600302009 /* Main.storyboard in Resources */ = {isa = PBXBuildFile; fileRef = 5294691129E6237600302009 /* Main.storyboard */; };
		5294691529E6237900302009 /* Assets.xcassets in Resources */ = {isa = PBXBuildFile; fileRef = 5294691429E6237900302009 /* Assets.xcassets */; };
		5294691829E6237900302009 /* LaunchScreen.storyboard in Resources */ = {isa = PBXBuildFile; fileRef = 5294691629E6237900302009 /* LaunchScreen.storyboard */; };
		52E52DFA29E70B43000A462D /* PasswordViewController.swift in Sources */ = {isa = PBXBuildFile; fileRef = 52E52DF929E70B43000A462D /* PasswordViewController.swift */; };
		52E52DFC29E8518F000A462D /* NewPwrViewController.swift in Sources */ = {isa = PBXBuildFile; fileRef = 52E52DFB29E8518F000A462D /* NewPwrViewController.swift */; };
		52ECD06329E670230059FBFF /* SuccessViewController.swift in Sources */ = {isa = PBXBuildFile; fileRef = 52ECD06229E670230059FBFF /* SuccessViewController.swift */; };
		52ECD06529E6D44D0059FBFF /* SignUpViewController.swift in Sources */ = {isa = PBXBuildFile; fileRef = 52ECD06429E6D44C0059FBFF /* SignUpViewController.swift */; };
/* End PBXBuildFile section */

/* Begin PBXFileReference section */
		5294690829E6237600302009 /* IOS - homeWork_2-month_3.app */ = {isa = PBXFileReference; explicitFileType = wrapper.application; includeInIndex = 0; path = "IOS - homeWork_2-month_3.app"; sourceTree = BUILT_PRODUCTS_DIR; };
		5294690B29E6237600302009 /* AppDelegate.swift */ = {isa = PBXFileReference; lastKnownFileType = sourcecode.swift; path = AppDelegate.swift; sourceTree = "<group>"; };
		5294690D29E6237600302009 /* SceneDelegate.swift */ = {isa = PBXFileReference; lastKnownFileType = sourcecode.swift; path = SceneDelegate.swift; sourceTree = "<group>"; };
		5294690F29E6237600302009 /* SignInViewController.swift */ = {isa = PBXFileReference; lastKnownFileType = sourcecode.swift; path = SignInViewController.swift; sourceTree = "<group>"; };
		5294691229E6237600302009 /* Base */ = {isa = PBXFileReference; lastKnownFileType = file.storyboard; name = Base; path = Base.lproj/Main.storyboard; sourceTree = "<group>"; };
		5294691429E6237900302009 /* Assets.xcassets */ = {isa = PBXFileReference; lastKnownFileType = folder.assetcatalog; path = Assets.xcassets; sourceTree = "<group>"; };
		5294691729E6237900302009 /* Base */ = {isa = PBXFileReference; lastKnownFileType = file.storyboard; name = Base; path = Base.lproj/LaunchScreen.storyboard; sourceTree = "<group>"; };
		5294691929E6237900302009 /* Info.plist */ = {isa = PBXFileReference; lastKnownFileType = text.plist.xml; path = Info.plist; sourceTree = "<group>"; };
		52E52DF929E70B43000A462D /* PasswordViewController.swift */ = {isa = PBXFileReference; lastKnownFileType = sourcecode.swift; path = PasswordViewController.swift; sourceTree = "<group>"; };
		52E52DFB29E8518F000A462D /* NewPwrViewController.swift */ = {isa = PBXFileReference; lastKnownFileType = sourcecode.swift; path = NewPwrViewController.swift; sourceTree = "<group>"; };
		52ECD06229E670230059FBFF /* SuccessViewController.swift */ = {isa = PBXFileReference; lastKnownFileType = sourcecode.swift; path = SuccessViewController.swift; sourceTree = "<group>"; };
		52ECD06429E6D44C0059FBFF /* SignUpViewController.swift */ = {isa = PBXFileReference; lastKnownFileType = sourcecode.swift; path = SignUpViewController.swift; sourceTree = "<group>"; };
/* End PBXFileReference section */

/* Begin PBXFrameworksBuildPhase section */
		5294690529E6237600302009 /* Frameworks */ = {
			isa = PBXFrameworksBuildPhase;
			buildActionMask = 2147483647;
			files = (
			);
			runOnlyForDeploymentPostprocessing = 0;
		};
/* End PBXFrameworksBuildPhase section */

/* Begin PBXGroup section */
		529468FF29E6237600302009 = {
			isa = PBXGroup;
			children = (
				5294690A29E6237600302009 /* IOS - homeWork_2-month_3 */,
				5294690929E6237600302009 /* Products */,
			);
			sourceTree = "<group>";
		};
		5294690929E6237600302009 /* Products */ = {
			isa = PBXGroup;
			children = (
				5294690829E6237600302009 /* IOS - homeWork_2-month_3.app */,
			);
			name = Products;
			sourceTree = "<group>";
		};
		5294690A29E6237600302009 /* IOS - homeWork_2-month_3 */ = {
			isa = PBXGroup;
			children = (
				52ECD05E29E66F7F0059FBFF /* Model */,
				52ECD05F29E66F960059FBFF /* View */,
				52ECD06029E66FA40059FBFF /* Controller */,
				5294690B29E6237600302009 /* AppDelegate.swift */,
				5294690D29E6237600302009 /* SceneDelegate.swift */,
				5294691429E6237900302009 /* Assets.xcassets */,
				5294691629E6237900302009 /* LaunchScreen.storyboard */,
				5294691929E6237900302009 /* Info.plist */,
			);
			path = "IOS - homeWork_2-month_3";
			sourceTree = "<group>";
		};
		52ECD05E29E66F7F0059FBFF /* Model */ = {
			isa = PBXGroup;
			children = (
			);
			path = Model;
			sourceTree = "<group>";
		};
		52ECD05F29E66F960059FBFF /* View */ = {
			isa = PBXGroup;
			children = (
				5294691129E6237600302009 /* Main.storyboard */,
			);
			path = View;
			sourceTree = "<group>";
		};
		52ECD06029E66FA40059FBFF /* Controller */ = {
			isa = PBXGroup;
			children = (
				5294690F29E6237600302009 /* SignInViewController.swift */,
				52ECD06229E670230059FBFF /* SuccessViewController.swift */,
				52ECD06429E6D44C0059FBFF /* SignUpViewController.swift */,
				52E52DF929E70B43000A462D /* PasswordViewController.swift */,
				52E52DFB29E8518F000A462D /* NewPwrViewController.swift */,
			);
			path = Controller;
			sourceTree = "<group>";
		};
/* End PBXGroup section */

/* Begin PBXNativeTarget section */
		5294690729E6237600302009 /* IOS - homeWork_2-month_3 */ = {
			isa = PBXNativeTarget;
			buildConfigurationList = 5294691C29E6237900302009 /* Build configuration list for PBXNativeTarget "IOS - homeWork_2-month_3" */;
			buildPhases = (
				5294690429E6237600302009 /* Sources */,
				5294690529E6237600302009 /* Frameworks */,
				5294690629E6237600302009 /* Resources */,
			);
			buildRules = (
			);
			dependencies = (
			);
			name = "IOS - homeWork_2-month_3";
			productName = "IOS - homeWork_2-month_3";
			productReference = 5294690829E6237600302009 /* IOS - homeWork_2-month_3.app */;
			productType = "com.apple.product-type.application";
		};
/* End PBXNativeTarget section */

/* Begin PBXProject section */
		5294690029E6237600302009 /* Project object */ = {
			isa = PBXProject;
			attributes = {
				BuildIndependentTargetsInParallel = 1;
				LastSwiftUpdateCheck = 1420;
				LastUpgradeCheck = 1420;
				TargetAttributes = {
					5294690729E6237600302009 = {
						CreatedOnToolsVersion = 14.2;
					};
				};
			};
			buildConfigurationList = 5294690329E6237600302009 /* Build configuration list for PBXProject "IOS - homeWork_2-month_3" */;
			compatibilityVersion = "Xcode 14.0";
			developmentRegion = en;
			hasScannedForEncodings = 0;
			knownRegions = (
				en,
				Base,
			);
			mainGroup = 529468FF29E6237600302009;
			productRefGroup = 5294690929E6237600302009 /* Products */;
			projectDirPath = "";
			projectRoot = "";
			targets = (
				5294690729E6237600302009 /* IOS - homeWork_2-month_3 */,
			);
		};
/* End PBXProject section */

/* Begin PBXResourcesBuildPhase section */
		5294690629E6237600302009 /* Resources */ = {
			isa = PBXResourcesBuildPhase;
			buildActionMask = 2147483647;
			files = (
				5294691829E6237900302009 /* LaunchScreen.storyboard in Resources */,
				5294691529E6237900302009 /* Assets.xcassets in Resources */,
				5294691329E6237600302009 /* Main.storyboard in Resources */,
			);
			runOnlyForDeploymentPostprocessing = 0;
		};
/* End PBXResourcesBuildPhase section */

/* Begin PBXSourcesBuildPhase section */
		5294690429E6237600302009 /* Sources */ = {
			isa = PBXSourcesBuildPhase;
			buildActionMask = 2147483647;
			files = (
				5294691029E6237600302009 /* SignInViewController.swift in Sources */,
				5294690C29E6237600302009 /* AppDelegate.swift in Sources */,
				52ECD06329E670230059FBFF /* SuccessViewController.swift in Sources */,
				52E52DFC29E8518F000A462D /* NewPwrViewController.swift in Sources */,
				5294690E29E6237600302009 /* SceneDelegate.swift in Sources */,
				52ECD06529E6D44D0059FBFF /* SignUpViewController.swift in Sources */,
				52E52DFA29E70B43000A462D /* PasswordViewController.swift in Sources */,
			);
			runOnlyForDeploymentPostprocessing = 0;
		};
/* End PBXSourcesBuildPhase section */

/* Begin PBXVariantGroup section */
		5294691129E6237600302009 /* Main.storyboard */ = {
			isa = PBXVariantGroup;
			children = (
				5294691229E6237600302009 /* Base */,
			);
			name = Main.storyboard;
			sourceTree = "<group>";
		};
		5294691629E6237900302009 /* LaunchScreen.storyboard */ = {
			isa = PBXVariantGroup;
			children = (
				5294691729E6237900302009 /* Base */,
			);
			name = LaunchScreen.storyboard;
			sourceTree = "<group>";
		};
/* End PBXVariantGroup section */

/* Begin XCBuildConfiguration section */
		5294691A29E6237900302009 /* Debug */ = {
			isa = XCBuildConfiguration;
			buildSettings = {
				ALWAYS_SEARCH_USER_PATHS = NO;
				CLANG_ANALYZER_NONNULL = YES;
				CLANG_ANALYZER_NUMBER_OBJECT_CONVERSION = YES_AGGRESSIVE;
				CLANG_CXX_LANGUAGE_STANDARD = "gnu++20";
				CLANG_ENABLE_MODULES = YES;
				CLANG_ENABLE_OBJC_ARC = YES;
				CLANG_ENABLE_OBJC_WEAK = YES;
				CLANG_WARN_BLOCK_CAPTURE_AUTORELEASING = YES;
				CLANG_WARN_BOOL_CONVERSION = YES;
				CLANG_WARN_COMMA = YES;
				CLANG_WARN_CONSTANT_CONVERSION = YES;
				CLANG_WARN_DEPRECATED_OBJC_IMPLEMENTATIONS = YES;
				CLANG_WARN_DIRECT_OBJC_ISA_USAGE = YES_ERROR;
				CLANG_WARN_DOCUMENTATION_COMMENTS = YES;
				CLANG_WARN_EMPTY_BODY = YES;
				CLANG_WARN_ENUM_CONVERSION = YES;
				CLANG_WARN_INFINITE_RECURSION = YES;
				CLANG_WARN_INT_CONVERSION = YES;
				CLANG_WARN_NON_LITERAL_NULL_CONVERSION = YES;
				CLANG_WARN_OBJC_IMPLICIT_RETAIN_SELF = YES;
				CLANG_WARN_OBJC_LITERAL_CONVERSION = YES;
				CLANG_WARN_OBJC_ROOT_CLASS = YES_ERROR;
				CLANG_WARN_QUOTED_INCLUDE_IN_FRAMEWORK_HEADER = YES;
				CLANG_WARN_RANGE_LOOP_ANALYSIS = YES;
				CLANG_WARN_STRICT_PROTOTYPES = YES;
				CLANG_WARN_SUSPICIOUS_MOVE = YES;
				CLANG_WARN_UNGUARDED_AVAILABILITY = YES_AGGRESSIVE;
				CLANG_WARN_UNREACHABLE_CODE = YES;
				CLANG_WARN__DUPLICATE_METHOD_MATCH = YES;
				COPY_PHASE_STRIP = NO;
				DEBUG_INFORMATION_FORMAT = dwarf;
				ENABLE_STRICT_OBJC_MSGSEND = YES;
				ENABLE_TESTABILITY = YES;
				GCC_C_LANGUAGE_STANDARD = gnu11;
				GCC_DYNAMIC_NO_PIC = NO;
				GCC_NO_COMMON_BLOCKS = YES;
				GCC_OPTIMIZATION_LEVEL = 0;
				GCC_PREPROCESSOR_DEFINITIONS = (
					"DEBUG=1",
					"$(inherited)",
				);
				GCC_WARN_64_TO_32_BIT_CONVERSION = YES;
				GCC_WARN_ABOUT_RETURN_TYPE = YES_ERROR;
				GCC_WARN_UNDECLARED_SELECTOR = YES;
				GCC_WARN_UNINITIALIZED_AUTOS = YES_AGGRESSIVE;
				GCC_WARN_UNUSED_FUNCTION = YES;
				GCC_WARN_UNUSED_VARIABLE = YES;
				IPHONEOS_DEPLOYMENT_TARGET = 16.2;
				MTL_ENABLE_DEBUG_INFO = INCLUDE_SOURCE;
				MTL_FAST_MATH = YES;
				ONLY_ACTIVE_ARCH = YES;
				SDKROOT = iphoneos;
				SWIFT_ACTIVE_COMPILATION_CONDITIONS = DEBUG;
				SWIFT_OPTIMIZATION_LEVEL = "-Onone";
			};
			name = Debug;
		};
		5294691B29E6237900302009 /* Release */ = {
			isa = XCBuildConfiguration;
			buildSettings = {
				ALWAYS_SEARCH_USER_PATHS = NO;
				CLANG_ANALYZER_NONNULL = YES;
				CLANG_ANALYZER_NUMBER_OBJECT_CONVERSION = YES_AGGRESSIVE;
				CLANG_CXX_LANGUAGE_STANDARD = "gnu++20";
				CLANG_ENABLE_MODULES = YES;
				CLANG_ENABLE_OBJC_ARC = YES;
				CLANG_ENABLE_OBJC_WEAK = YES;
				CLANG_WARN_BLOCK_CAPTURE_AUTORELEASING = YES;
				CLANG_WARN_BOOL_CONVERSION = YES;
				CLANG_WARN_COMMA = YES;
				CLANG_WARN_CONSTANT_CONVERSION = YES;
				CLANG_WARN_DEPRECATED_OBJC_IMPLEMENTATIONS = YES;
				CLANG_WARN_DIRECT_OBJC_ISA_USAGE = YES_ERROR;
				CLANG_WARN_DOCUMENTATION_COMMENTS = YES;
				CLANG_WARN_EMPTY_BODY = YES;
				CLANG_WARN_ENUM_CONVERSION = YES;
				CLANG_WARN_INFINITE_RECURSION = YES;
				CLANG_WARN_INT_CONVERSION = YES;
				CLANG_WARN_NON_LITERAL_NULL_CONVERSION = YES;
				CLANG_WARN_OBJC_IMPLICIT_RETAIN_SELF = YES;
				CLANG_WARN_OBJC_LITERAL_CONVERSION = YES;
				CLANG_WARN_OBJC_ROOT_CLASS = YES_ERROR;
				CLANG_WARN_QUOTED_INCLUDE_IN_FRAMEWORK_HEADER = YES;
				CLANG_WARN_RANGE_LOOP_ANALYSIS = YES;
				CLANG_WARN_STRICT_PROTOTYPES = YES;
				CLANG_WARN_SUSPICIOUS_MOVE = YES;
				CLANG_WARN_UNGUARDED_AVAILABILITY = YES_AGGRESSIVE;
				CLANG_WARN_UNREACHABLE_CODE = YES;
				CLANG_WARN__DUPLICATE_METHOD_MATCH = YES;
				COPY_PHASE_STRIP = NO;
				DEBUG_INFORMATION_FORMAT = "dwarf-with-dsym";
				ENABLE_NS_ASSERTIONS = NO;
				ENABLE_STRICT_OBJC_MSGSEND = YES;
				GCC_C_LANGUAGE_STANDARD = gnu11;
				GCC_NO_COMMON_BLOCKS = YES;
				GCC_WARN_64_TO_32_BIT_CONVERSION = YES;
				GCC_WARN_ABOUT_RETURN_TYPE = YES_ERROR;
				GCC_WARN_UNDECLARED_SELECTOR = YES;
				GCC_WARN_UNINITIALIZED_AUTOS = YES_AGGRESSIVE;
				GCC_WARN_UNUSED_FUNCTION = YES;
				GCC_WARN_UNUSED_VARIABLE = YES;
				IPHONEOS_DEPLOYMENT_TARGET = 16.2;
				MTL_ENABLE_DEBUG_INFO = NO;
				MTL_FAST_MATH = YES;
				SDKROOT = iphoneos;
				SWIFT_COMPILATION_MODE = wholemodule;
				SWIFT_OPTIMIZATION_LEVEL = "-O";
				VALIDATE_PRODUCT = YES;
			};
			name = Release;
		};
		5294691D29E6237900302009 /* Debug */ = {
			isa = XCBuildConfiguration;
			buildSettings = {
				ASSETCATALOG_COMPILER_APPICON_NAME = AppIcon;
				ASSETCATALOG_COMPILER_GLOBAL_ACCENT_COLOR_NAME = AccentColor;
				CODE_SIGN_STYLE = Automatic;
				CURRENT_PROJECT_VERSION = 1;
				DEVELOPMENT_TEAM = F7W7R66652;
				GENERATE_INFOPLIST_FILE = YES;
				INFOPLIST_FILE = "IOS - homeWork_2-month_3/Info.plist";
				INFOPLIST_KEY_UIApplicationSupportsIndirectInputEvents = YES;
				INFOPLIST_KEY_UILaunchStoryboardName = LaunchScreen;
				INFOPLIST_KEY_UIMainStoryboardFile = Main;
				INFOPLIST_KEY_UISupportedInterfaceOrientations_iPad = "UIInterfaceOrientationPortrait UIInterfaceOrientationPortraitUpsideDown UIInterfaceOrientationLandscapeLeft UIInterfaceOrientationLandscapeRight";
				INFOPLIST_KEY_UISupportedInterfaceOrientations_iPhone = "UIInterfaceOrientationPortrait UIInterfaceOrientationLandscapeLeft UIInterfaceOrientationLandscapeRight";
				LD_RUNPATH_SEARCH_PATHS = (
					"$(inherited)",
					"@executable_path/Frameworks",
				);
				MARKETING_VERSION = 1.0;
				PRODUCT_BUNDLE_IDENTIFIER = "Com.ERACompany.IOS---homeWork-2-month-3";
				PRODUCT_NAME = "$(TARGET_NAME)";
				SWIFT_EMIT_LOC_STRINGS = YES;
				SWIFT_VERSION = 5.0;
				TARGETED_DEVICE_FAMILY = "1,2";
			};
			name = Debug;
		};
		5294691E29E6237900302009 /* Release */ = {
			isa = XCBuildConfiguration;
			buildSettings = {
				ASSETCATALOG_COMPILER_APPICON_NAME = AppIcon;
				ASSETCATALOG_COMPILER_GLOBAL_ACCENT_COLOR_NAME = AccentColor;
				CODE_SIGN_STYLE = Automatic;
				CURRENT_PROJECT_VERSION = 1;
				DEVELOPMENT_TEAM = F7W7R66652;
				GENERATE_INFOPLIST_FILE = YES;
				INFOPLIST_FILE = "IOS - homeWork_2-month_3/Info.plist";
				INFOPLIST_KEY_UIApplicationSupportsIndirectInputEvents = YES;
				INFOPLIST_KEY_UILaunchStoryboardName = LaunchScreen;
				INFOPLIST_KEY_UIMainStoryboardFile = Main;
				INFOPLIST_KEY_UISupportedInterfaceOrientations_iPad = "UIInterfaceOrientationPortrait UIInterfaceOrientationPortraitUpsideDown UIInterfaceOrientationLandscapeLeft UIInterfaceOrientationLandscapeRight";
				INFOPLIST_KEY_UISupportedInterfaceOrientations_iPhone = "UIInterfaceOrientationPortrait UIInterfaceOrientationLandscapeLeft UIInterfaceOrientationLandscapeRight";
				LD_RUNPATH_SEARCH_PATHS = (
					"$(inherited)",
					"@executable_path/Frameworks",
				);
				MARKETING_VERSION = 1.0;
				PRODUCT_BUNDLE_IDENTIFIER = "Com.ERACompany.IOS---homeWork-2-month-3";
				PRODUCT_NAME = "$(TARGET_NAME)";
				SWIFT_EMIT_LOC_STRINGS = YES;
				SWIFT_VERSION = 5.0;
				TARGETED_DEVICE_FAMILY = "1,2";
			};
			name = Release;
		};
/* End XCBuildConfiguration section */

/* Begin XCConfigurationList section */
		5294690329E6237600302009 /* Build configuration list for PBXProject "IOS - homeWork_2-month_3" */ = {
			isa = XCConfigurationList;
			buildConfigurations = (
				5294691A29E6237900302009 /* Debug */,
				5294691B29E6237900302009 /* Release */,
			);
			defaultConfigurationIsVisible = 0;
			defaultConfigurationName = Release;
		};
		5294691C29E6237900302009 /* Build configuration list for PBXNativeTarget "IOS - homeWork_2-month_3" */ = {
			isa = XCConfigurationList;
			buildConfigurations = (
				5294691D29E6237900302009 /* Debug */,
				5294691E29E6237900302009 /* Release */,
			);
			defaultConfigurationIsVisible = 0;
			defaultConfigurationName = Release;
		};
/* End XCConfigurationList section */
	};
	rootObject = 5294690029E6237600302009 /* Project object */;
}
